
Microsoft Visual Studio Solution File, Format Version 12.00
# Visual Studio Version 17
VisualStudioVersion = 17.5.2.0
MinimumVisualStudioVersion = 10.0.40219.1
Project("{FAE04EC0-301F-11D3-BF4B-00C04F79EFBC}") = "TripGeniusBackend.API", "TripGeniusBackend.API\TripGeniusBackend.API.csproj", "{21BD5D32-86D5-3AA7-3135-8B580DEC0A9C}"
EndProject
Project("{FAE04EC0-301F-11D3-BF4B-00C04F79EFBC}") = "TripGeniusBackend.Application", "TripGeniusBackend.Application\TripGeniusBackend.Application.csproj", "{2D6F8A4B-A79C-A647-2C9C-766681B9DAC3}"
EndProject
Project("{FAE04EC0-301F-11D3-BF4B-00C04F79EFBC}") = "TripGeniusBackend.Domain", "TripGeniusBackend.Domain\TripGeniusBackend.Domain.csproj", "{3A53FAC8-CD58-B428-28BB-215442D3CC84}"
EndProject
Project("{FAE04EC0-301F-11D3-BF4B-00C04F79EFBC}") = "TripGeniusBackend.Infrastructure", "TripGeniusBackend.Infrastructure\TripGeniusBackend.Infrastructure.csproj", "{234E0F34-E9EB-DB5C-6FEF-6352E7EBDC60}"
EndProject
Project("{FAE04EC0-301F-11D3-BF4B-00C04F79EFBC}") = "TripGeniusBackend.Tests", "TripGeniusBackend.Tests\TripGeniusBackend.Tests.csproj", "{EFF89886-86DE-44F1-93C7-AAE3134A5F99}"
EndProject
Global
	GlobalSection(SolutionConfigurationPlatforms) = preSolution
		Debug|Any CPU = Debug|Any CPU
		Debug|x64 = Debug|x64
		Debug|x86 = Debug|x86
		Release|Any CPU = Release|Any CPU
		Release|x64 = Release|x64
		Release|x86 = Release|x86
	EndGlobalSection
	GlobalSection(ProjectConfigurationPlatforms) = postSolution
		{21BD5D32-86D5-3AA7-3135-8B580DEC0A9C}.Debug|Any CPU.ActiveCfg = Debug|Any CPU
		{21BD5D32-86D5-3AA7-3135-8B580DEC0A9C}.Debug|Any CPU.Build.0 = Debug|Any CPU
		{21BD5D32-86D5-3AA7-3135-8B580DEC0A9C}.Debug|x64.ActiveCfg = Debug|Any CPU
		{21BD5D32-86D5-3AA7-3135-8B580DEC0A9C}.Debug|x64.Build.0 = Debug|Any CPU
		{21BD5D32-86D5-3AA7-3135-8B580DEC0A9C}.Debug|x86.ActiveCfg = Debug|Any CPU
		{21BD5D32-86D5-3AA7-3135-8B580DEC0A9C}.Debug|x86.Build.0 = Debug|Any CPU
		{21BD5D32-86D5-3AA7-3135-8B580DEC0A9C}.Release|Any CPU.ActiveCfg = Release|Any CPU
		{21BD5D32-86D5-3AA7-3135-8B580DEC0A9C}.Release|Any CPU.Build.0 = Release|Any CPU
		{21BD5D32-86D5-3AA7-3135-8B580DEC0A9C}.Release|x64.ActiveCfg = Release|Any CPU
		{21BD5D32-86D5-3AA7-3135-8B580DEC0A9C}.Release|x64.Build.0 = Release|Any CPU
		{21BD5D32-86D5-3AA7-3135-8B580DEC0A9C}.Release|x86.ActiveCfg = Release|Any CPU
		{21BD5D32-86D5-3AA7-3135-8B580DEC0A9C}.Release|x86.Build.0 = Release|Any CPU
		{2D6F8A4B-A79C-A647-2C9C-766681B9DAC3}.Debug|Any CPU.ActiveCfg = Debug|Any CPU
		{2D6F8A4B-A79C-A647-2C9C-766681B9DAC3}.Debug|Any CPU.Build.0 = Debug|Any CPU
		{2D6F8A4B-A79C-A647-2C9C-766681B9DAC3}.Debug|x64.ActiveCfg = Debug|Any CPU
		{2D6F8A4B-A79C-A647-2C9C-766681B9DAC3}.Debug|x64.Build.0 = Debug|Any CPU
		{2D6F8A4B-A79C-A647-2C9C-766681B9DAC3}.Debug|x86.ActiveCfg = Debug|Any CPU
		{2D6F8A4B-A79C-A647-2C9C-766681B9DAC3}.Debug|x86.Build.0 = Debug|Any CPU
		{2D6F8A4B-A79C-A647-2C9C-766681B9DAC3}.Release|Any CPU.ActiveCfg = Release|Any CPU
		{2D6F8A4B-A79C-A647-2C9C-766681B9DAC3}.Release|Any CPU.Build.0 = Release|Any CPU
		{2D6F8A4B-A79C-A647-2C9C-766681B9DAC3}.Release|x64.ActiveCfg = Release|Any CPU
		{2D6F8A4B-A79C-A647-2C9C-766681B9DAC3}.Release|x64.Build.0 = Release|Any CPU
		{2D6F8A4B-A79C-A647-2C9C-766681B9DAC3}.Release|x86.ActiveCfg = Release|Any CPU
		{2D6F8A4B-A79C-A647-2C9C-766681B9DAC3}.Release|x86.Build.0 = Release|Any CPU
		{3A53FAC8-CD58-B428-28BB-215442D3CC84}.Debug|Any CPU.ActiveCfg = Debug|Any CPU
		{3A53FAC8-CD58-B428-28BB-215442D3CC84}.Debug|Any CPU.Build.0 = Debug|Any CPU
		{3A53FAC8-CD58-B428-28BB-215442D3CC84}.Debug|x64.ActiveCfg = Debug|Any CPU
		{3A53FAC8-CD58-B428-28BB-215442D3CC84}.Debug|x64.Build.0 = Debug|Any CPU
		{3A53FAC8-CD58-B428-28BB-215442D3CC84}.Debug|x86.ActiveCfg = Debug|Any CPU
		{3A53FAC8-CD58-B428-28BB-215442D3CC84}.Debug|x86.Build.0 = Debug|Any CPU
		{3A53FAC8-CD58-B428-28BB-215442D3CC84}.Release|Any CPU.ActiveCfg = Release|Any CPU
		{3A53FAC8-CD58-B428-28BB-215442D3CC84}.Release|Any CPU.Build.0 = Release|Any CPU
		{3A53FAC8-CD58-B428-28BB-215442D3CC84}.Release|x64.ActiveCfg = Release|Any CPU
		{3A53FAC8-CD58-B428-28BB-215442D3CC84}.Release|x64.Build.0 = Release|Any CPU
		{3A53FAC8-CD58-B428-28BB-215442D3CC84}.Release|x86.ActiveCfg = Release|Any CPU
		{3A53FAC8-CD58-B428-28BB-215442D3CC84}.Release|x86.Build.0 = Release|Any CPU
		{234E0F34-E9EB-DB5C-6FEF-6352E7EBDC60}.Debug|Any CPU.ActiveCfg = Debug|Any CPU
		{234E0F34-E9EB-DB5C-6FEF-6352E7EBDC60}.Debug|Any CPU.Build.0 = Debug|Any CPU
		{234E0F34-E9EB-DB5C-6FEF-6352E7EBDC60}.Debug|x64.ActiveCfg = Debug|Any CPU
		{234E0F34-E9EB-DB5C-6FEF-6352E7EBDC60}.Debug|x64.Build.0 = Debug|Any CPU
		{234E0F34-E9EB-DB5C-6FEF-6352E7EBDC60}.Debug|x86.ActiveCfg = Debug|Any CPU
		{234E0F34-E9EB-DB5C-6FEF-6352E7EBDC60}.Debug|x86.Build.0 = Debug|Any CPU
		{234E0F34-E9EB-DB5C-6FEF-6352E7EBDC60}.Release|Any CPU.ActiveCfg = Release|Any CPU
		{234E0F34-E9EB-DB5C-6FEF-6352E7EBDC60}.Release|Any CPU.Build.0 = Release|Any CPU
		{234E0F34-E9EB-DB5C-6FEF-6352E7EBDC60}.Release|x64.ActiveCfg = Release|Any CPU
		{234E0F34-E9EB-DB5C-6FEF-6352E7EBDC60}.Release|x64.Build.0 = Release|Any CPU
		{234E0F34-E9EB-DB5C-6FEF-6352E7EBDC60}.Release|x86.ActiveCfg = Release|Any CPU
		{234E0F34-E9EB-DB5C-6FEF-6352E7EBDC60}.Release|x86.Build.0 = Release|Any CPU
		{EFF89886-86DE-44F1-93C7-AAE3134A5F99}.Debug|Any CPU.ActiveCfg = Debug|Any CPU
		{EFF89886-86DE-44F1-93C7-AAE3134A5F99}.Debug|Any CPU.Build.0 = Debug|Any CPU
		{EFF89886-86DE-44F1-93C7-AAE3134A5F99}.Debug|x64.ActiveCfg = Debug|Any CPU
		{EFF89886-86DE-44F1-93C7-AAE3134A5F99}.Debug|x64.Build.0 = Debug|Any CPU
		{EFF89886-86DE-44F1-93C7-AAE3134A5F99}.Debug|x86.ActiveCfg = Debug|Any CPU
		{EFF89886-86DE-44F1-93C7-AAE3134A5F99}.Debug|x86.Build.0 = Debug|Any CPU
		{EFF89886-86DE-44F1-93C7-AAE3134A5F99}.Release|Any CPU.ActiveCfg = Release|Any CPU
		{EFF89886-86DE-44F1-93C7-AAE3134A5F99}.Release|Any CPU.Build.0 = Release|Any CPU
		{EFF89886-86DE-44F1-93C7-AAE3134A5F99}.Release|x64.ActiveCfg = Release|Any CPU
		{EFF89886-86DE-44F1-93C7-AAE3134A5F99}.Release|x64.Build.0 = Release|Any CPU
		{EFF89886-86DE-44F1-93C7-AAE3134A5F99}.Release|x86.ActiveCfg = Release|Any CPU
		{EFF89886-86DE-44F1-93C7-AAE3134A5F99}.Release|x86.Build.0 = Release|Any CPU
	EndGlobalSection
	GlobalSection(SolutionProperties) = preSolution
		HideSolutionNode = FALSE
	EndGlobalSection
	GlobalSection(ExtensibilityGlobals) = postSolution
		SolutionGuid = {D0ED85EA-0673-4283-8B43-C8471534EA7E}
	EndGlobalSection
EndGlobal
